{
    "version": 3,
    "terraform_version": "0.11.8",
    "serial": 24,
    "lineage": "ce19a7cd-4b0a-43bb-457a-161e4a1004d3",
    "modules": [
        {
            "path": [
                "root"
            ],
            "outputs": {},
            "resources": {
                "google_compute_firewall.default": {
                    "type": "google_compute_firewall",
                    "depends_on": [],
                    "primary": {
                        "id": "jenkins-firewall",
                        "attributes": {
                            "allow.#": "2",
                            "allow.1367131964.ports.#": "0",
                            "allow.1367131964.protocol": "icmp",
                            "allow.1482319750.ports.#": "4",
                            "allow.1482319750.ports.0": "22",
                            "allow.1482319750.ports.1": "8000",
                            "allow.1482319750.ports.2": "9000",
                            "allow.1482319750.ports.3": "8080",
                            "allow.1482319750.protocol": "tcp",
                            "creation_timestamp": "2018-08-23T07:26:22.443-07:00",
                            "deny.#": "0",
                            "description": "",
                            "destination_ranges.#": "0",
                            "direction": "INGRESS",
                            "disabled": "false",
                            "id": "jenkins-firewall",
                            "name": "jenkins-firewall",
                            "network": "https://www.googleapis.com/compute/v1/projects/terraform-214200/global/networks/default",
                            "priority": "1000",
                            "project": "terraform-214200",
                            "self_link": "https://www.googleapis.com/compute/v1/projects/terraform-214200/global/firewalls/jenkins-firewall",
                            "source_ranges.#": "1",
                            "source_ranges.1080289494": "0.0.0.0/0",
                            "source_service_accounts.#": "0",
                            "source_tags.#": "1",
                            "source_tags.1438809362": "jenkins",
                            "target_service_accounts.#": "0",
                            "target_tags.#": "0"
                        },
                        "meta": {
                            "e2bfb730-ecaa-11e6-8f88-34363bc7c4c0": {
                                "create": 240000000000,
                                "delete": 240000000000,
                                "update": 240000000000
                            },
                            "schema_version": "1"
                        },
                        "tainted": false
                    },
                    "deposed": [],
                    "provider": "provider.google"
                },
                "google_compute_instance.default": {
                    "type": "google_compute_instance",
                    "depends_on": [],
                    "primary": {
                        "id": "jenkins",
                        "attributes": {
                            "attached_disk.#": "0",
                            "boot_disk.#": "1",
                            "boot_disk.0.auto_delete": "true",
                            "boot_disk.0.device_name": "persistent-disk-0",
                            "boot_disk.0.disk_encryption_key_raw": "",
                            "boot_disk.0.disk_encryption_key_sha256": "",
                            "boot_disk.0.initialize_params.#": "1",
                            "boot_disk.0.initialize_params.0.image": "https://www.googleapis.com/compute/v1/projects/centos-cloud/global/images/centos-7-v20180815",
                            "boot_disk.0.initialize_params.0.size": "10",
                            "boot_disk.0.initialize_params.0.type": "pd-standard",
                            "boot_disk.0.source": "https://www.googleapis.com/compute/v1/projects/terraform-214200/zones/europe-west2-c/disks/jenkins",
                            "can_ip_forward": "false",
                            "cpu_platform": "Intel Broadwell",
                            "create_timeout": "4",
                            "deletion_protection": "false",
                            "guest_accelerator.#": "0",
                            "id": "jenkins",
                            "instance_id": "3616634285367458504",
                            "label_fingerprint": "42WmSpB8rSM=",
                            "labels.%": "0",
                            "machine_type": "f1-micro",
                            "metadata.%": "1",
                            "metadata.sshKeys": "terraform:ssh-rsa AAAAB3NzaC1yc2EAAAADAQABAAABAQC0cYLOepfmi2Huo7kH4SwUhTukF0MxerfV+oaO8UmjalPFgPPle2gsJFMx27A2dv0EADXv8+TRwZ3cC84+Nhw0e+qBSRNJYD0fy9ctMprVU2Ko+S7/BX7Lhsns7mCaVTDBuE73xUkKkcwaMWfexWp5rljqywU+y5ivXVrQMyJcls0tEmYHLJ6d2lNFIX8umHfuTFJvB1ipRMCDAIP2Thykj7FtINbjzkh2Saog8giaB1fWywKyuBiaTONJlj1odXH5ZWu7sBbbQshhNyNmkkmww17hX8Z1dmWI8vQGHz5KZl3rJpMDbbF1FyEzkMtSVLURtg49V4tBt/hf/jBeGTJp vagrant@localhost.localdomain\n",
                            "metadata_fingerprint": "_bP1GAgjaww=",
                            "metadata_startup_script": "",
                            "min_cpu_platform": "",
                            "name": "jenkins",
                            "network_interface.#": "1",
                            "network_interface.0.access_config.#": "1",
                            "network_interface.0.access_config.0.assigned_nat_ip": "35.189.125.22",
                            "network_interface.0.access_config.0.nat_ip": "35.189.125.22",
                            "network_interface.0.access_config.0.network_tier": "PREMIUM",
                            "network_interface.0.access_config.0.public_ptr_domain_name": "",
                            "network_interface.0.address": "10.154.0.2",
                            "network_interface.0.alias_ip_range.#": "0",
                            "network_interface.0.name": "nic0",
                            "network_interface.0.network": "https://www.googleapis.com/compute/v1/projects/terraform-214200/global/networks/default",
                            "network_interface.0.network_ip": "10.154.0.2",
                            "network_interface.0.subnetwork": "https://www.googleapis.com/compute/v1/projects/terraform-214200/regions/europe-west2/subnetworks/default",
                            "network_interface.0.subnetwork_project": "terraform-214200",
                            "project": "terraform-214200",
                            "scheduling.#": "1",
                            "scheduling.0.automatic_restart": "false",
                            "scheduling.0.on_host_maintenance": "MIGRATE",
                            "scheduling.0.preemptible": "false",
                            "scratch_disk.#": "0",
                            "self_link": "https://www.googleapis.com/compute/v1/projects/terraform-214200/zones/europe-west2-c/instances/jenkins",
                            "service_account.#": "0",
                            "tags.#": "1",
                            "tags.1438809362": "jenkins",
                            "tags_fingerprint": "4l7--0t2PzY=",
                            "zone": "europe-west2-c"
                        },
                        "meta": {
                            "e2bfb730-ecaa-11e6-8f88-34363bc7c4c0": {
                                "create": 360000000000,
                                "delete": 360000000000,
                                "update": 360000000000
                            },
                            "schema_version": "6"
                        },
                        "tainted": false
                    },
                    "deposed": [],
                    "provider": "provider.google"
                }
            },
            "depends_on": []
        }
    ]
}
