{
    "version": 3,
    "terraform_version": "0.11.8",
    "serial": 9,
    "lineage": "ce19a7cd-4b0a-43bb-457a-161e4a1004d3",
    "modules": [
        {
            "path": [
                "root"
            ],
            "outputs": {},
            "resources": {
                "google_compute_instance.default": {
                    "type": "google_compute_instance",
                    "depends_on": [],
                    "primary": {
                        "id": "test",
                        "attributes": {
                            "attached_disk.#": "0",
                            "boot_disk.#": "1",
                            "boot_disk.0.auto_delete": "true",
                            "boot_disk.0.device_name": "persistent-disk-0",
                            "boot_disk.0.disk_encryption_key_raw": "",
                            "boot_disk.0.disk_encryption_key_sha256": "",
                            "boot_disk.0.initialize_params.#": "1",
                            "boot_disk.0.initialize_params.0.image": "https://www.googleapis.com/compute/v1/projects/centos-cloud/global/images/centos-7-v20180815",
                            "boot_disk.0.initialize_params.0.size": "10",
                            "boot_disk.0.initialize_params.0.type": "pd-standard",
                            "boot_disk.0.source": "https://www.googleapis.com/compute/v1/projects/qa-test-214108/zones/europe-west2-c/disks/test",
                            "can_ip_forward": "false",
                            "cpu_platform": "Intel Broadwell",
                            "create_timeout": "4",
                            "deletion_protection": "false",
                            "guest_accelerator.#": "0",
                            "id": "test",
                            "instance_id": "2013293440100522093",
                            "label_fingerprint": "42WmSpB8rSM=",
                            "labels.%": "0",
                            "machine_type": "n1-standard-1",
                            "metadata.%": "1",
                            "metadata.sshKeys": "terraform:ssh-rsa AAAAB3NzaC1yc2EAAAADAQABAAABAQDl8+s8r/U8pt2+x0XvgQxaNJkjs+sFY5+P1Tm4ky3+MeEXM+xBFevbtwOJdRdGYwXnJHislLuTsT4lT++8zpSACChtd5cxweHEkKFB6SlYsxXq1o1Od/X1bRPiLN1A78AGCOjsHKeoblQ+D4PC18BASGplxwwYxGsfv2VBTArwQ6ifsm/4XvwVszKb+Crc+yHQRMyFYTY4XsOBm+swqpmYM9zCzNZvELTAsLbXAfT60ig4rCPw9oh0IJKaVR2gbhtwL3sI5nSOb3xn9BRPZhR9GsHALq4nDGJDWT+78BkgmUbjFv6nGE6QCAu5otYlxqw3gB9+lGUI99Az/WGFzkpj vagrant@localhost.localdomain\n",
                            "metadata_fingerprint": "6PuVVpI_ua4=",
                            "metadata_startup_script": "",
                            "min_cpu_platform": "",
                            "name": "test",
                            "network_interface.#": "1",
                            "network_interface.0.access_config.#": "1",
                            "network_interface.0.access_config.0.assigned_nat_ip": "35.189.97.176",
                            "network_interface.0.access_config.0.nat_ip": "35.189.97.176",
                            "network_interface.0.access_config.0.network_tier": "PREMIUM",
                            "network_interface.0.access_config.0.public_ptr_domain_name": "",
                            "network_interface.0.address": "10.154.0.2",
                            "network_interface.0.alias_ip_range.#": "0",
                            "network_interface.0.name": "nic0",
                            "network_interface.0.network": "https://www.googleapis.com/compute/v1/projects/qa-test-214108/global/networks/default",
                            "network_interface.0.network_ip": "10.154.0.2",
                            "network_interface.0.subnetwork": "https://www.googleapis.com/compute/v1/projects/qa-test-214108/regions/europe-west2/subnetworks/default",
                            "network_interface.0.subnetwork_project": "qa-test-214108",
                            "project": "qa-test-214108",
                            "scheduling.#": "1",
                            "scheduling.0.automatic_restart": "false",
                            "scheduling.0.on_host_maintenance": "MIGRATE",
                            "scheduling.0.preemptible": "false",
                            "scratch_disk.#": "0",
                            "self_link": "https://www.googleapis.com/compute/v1/projects/qa-test-214108/zones/europe-west2-c/instances/test",
                            "service_account.#": "0",
                            "tags.#": "0",
                            "tags_fingerprint": "42WmSpB8rSM=",
                            "zone": "europe-west2-c"
                        },
                        "meta": {
                            "e2bfb730-ecaa-11e6-8f88-34363bc7c4c0": {
                                "create": 360000000000,
                                "delete": 360000000000,
                                "update": 360000000000
                            },
                            "schema_version": "6"
                        },
                        "tainted": false
                    },
                    "deposed": [],
                    "provider": "provider.google"
                }
            },
            "depends_on": []
        }
    ]
}
